
Microsoft Visual Studio Solution File, Format Version 12.00
# Visual Studio Version 17
VisualStudioVersion = 17.8.34511.84
MinimumVisualStudioVersion = 10.0.40219.1
Project("{FAE04EC0-301F-11D3-BF4B-00C04F79EFBC}") = "week01_DoanSo", "week01_DoanSo.csproj", "{0CBBDCD3-7BCE-4B7E-9FAA-8D83EBD43AAE}"
EndProject
Project("{FAE04EC0-301F-11D3-BF4B-00C04F79EFBC}") = "week01_QLSV", "..\week01_02\week01_QLSV.csproj", "{493D6A92-DC15-408F-BF19-689F7CC8107F}"
EndProject
Project("{FAE04EC0-301F-11D3-BF4B-00C04F79EFBC}") = "week01_KeThua", "..\week01_KeThua\week01_KeThua.csproj", "{9C3F48B8-AD5B-48BF-8801-20668FFE60E7}"
EndProject
Global
	GlobalSection(SolutionConfigurationPlatforms) = preSolution
		Debug|Any CPU = Debug|Any CPU
		Release|Any CPU = Release|Any CPU
	EndGlobalSection
	GlobalSection(ProjectConfigurationPlatforms) = postSolution
		{0CBBDCD3-7BCE-4B7E-9FAA-8D83EBD43AAE}.Debug|Any CPU.ActiveCfg = Debug|Any CPU
		{0CBBDCD3-7BCE-4B7E-9FAA-8D83EBD43AAE}.Debug|Any CPU.Build.0 = Debug|Any CPU
		{0CBBDCD3-7BCE-4B7E-9FAA-8D83EBD43AAE}.Release|Any CPU.ActiveCfg = Release|Any CPU
		{0CBBDCD3-7BCE-4B7E-9FAA-8D83EBD43AAE}.Release|Any CPU.Build.0 = Release|Any CPU
		{493D6A92-DC15-408F-BF19-689F7CC8107F}.Debug|Any CPU.ActiveCfg = Debug|Any CPU
		{493D6A92-DC15-408F-BF19-689F7CC8107F}.Debug|Any CPU.Build.0 = Debug|Any CPU
		{493D6A92-DC15-408F-BF19-689F7CC8107F}.Release|Any CPU.ActiveCfg = Release|Any CPU
		{493D6A92-DC15-408F-BF19-689F7CC8107F}.Release|Any CPU.Build.0 = Release|Any CPU
		{9C3F48B8-AD5B-48BF-8801-20668FFE60E7}.Debug|Any CPU.ActiveCfg = Debug|Any CPU
		{9C3F48B8-AD5B-48BF-8801-20668FFE60E7}.Debug|Any CPU.Build.0 = Debug|Any CPU
		{9C3F48B8-AD5B-48BF-8801-20668FFE60E7}.Release|Any CPU.ActiveCfg = Release|Any CPU
		{9C3F48B8-AD5B-48BF-8801-20668FFE60E7}.Release|Any CPU.Build.0 = Release|Any CPU
	EndGlobalSection
	GlobalSection(SolutionProperties) = preSolution
		HideSolutionNode = FALSE
	EndGlobalSection
	GlobalSection(ExtensibilityGlobals) = postSolution
		SolutionGuid = {4112801E-5CED-4AA9-BFF9-02240FB93226}
	EndGlobalSection
EndGlobal
